
Microsoft Visual Studio Solution File, Format Version 12.00
# Visual Studio Version 16
VisualStudioVersion = 16.0.31624.102
MinimumVisualStudioVersion = 10.0.40219.1
Project("{9A19103F-16F7-4668-BE54-9A1E7A4F7556}") = "CabInvoiceGenerator", "CabInvoiceGenerator\CabInvoiceGenerator.csproj", "{994BA5A8-4B54-4CA5-AFFF-026C12847730}"
EndProject
Project("{FAE04EC0-301F-11D3-BF4B-00C04F79EFBC}") = "TestCabInvoiceGenerator", "TestCabInvoiceGenerator\TestCabInvoiceGenerator.csproj", "{7C0841A0-7A95-4F03-8D11-0D7C8ACD3D4D}"
EndProject
Global
	GlobalSection(SolutionConfigurationPlatforms) = preSolution
		Debug|Any CPU = Debug|Any CPU
		Release|Any CPU = Release|Any CPU
	EndGlobalSection
	GlobalSection(ProjectConfigurationPlatforms) = postSolution
		{994BA5A8-4B54-4CA5-AFFF-026C12847730}.Debug|Any CPU.ActiveCfg = Debug|Any CPU
		{994BA5A8-4B54-4CA5-AFFF-026C12847730}.Debug|Any CPU.Build.0 = Debug|Any CPU
		{994BA5A8-4B54-4CA5-AFFF-026C12847730}.Release|Any CPU.ActiveCfg = Release|Any CPU
		{994BA5A8-4B54-4CA5-AFFF-026C12847730}.Release|Any CPU.Build.0 = Release|Any CPU
		{7C0841A0-7A95-4F03-8D11-0D7C8ACD3D4D}.Debug|Any CPU.ActiveCfg = Debug|Any CPU
		{7C0841A0-7A95-4F03-8D11-0D7C8ACD3D4D}.Debug|Any CPU.Build.0 = Debug|Any CPU
		{7C0841A0-7A95-4F03-8D11-0D7C8ACD3D4D}.Release|Any CPU.ActiveCfg = Release|Any CPU
		{7C0841A0-7A95-4F03-8D11-0D7C8ACD3D4D}.Release|Any CPU.Build.0 = Release|Any CPU
	EndGlobalSection
	GlobalSection(SolutionProperties) = preSolution
		HideSolutionNode = FALSE
	EndGlobalSection
	GlobalSection(ExtensibilityGlobals) = postSolution
		SolutionGuid = {D6B0DAE3-FF15-49AD-BFE3-8435387ACFC4}
	EndGlobalSection
EndGlobal
